
Microsoft Visual Studio Solution File, Format Version 12.00
# Visual Studio Version 16
VisualStudioVersion = 16.0.31205.134
MinimumVisualStudioVersion = 10.0.40219.1
Project("{FAE04EC0-301F-11D3-BF4B-00C04F79EFBC}") = "AxessTask.API", "AxessTask.API\AxessTask.API.csproj", "{3FD76809-7574-4347-881F-254AB14B922F}"
EndProject
Global
	GlobalSection(SolutionConfigurationPlatforms) = preSolution
		Debug|Any CPU = Debug|Any CPU
		Release|Any CPU = Release|Any CPU
	EndGlobalSection
	GlobalSection(ProjectConfigurationPlatforms) = postSolution
		{3FD76809-7574-4347-881F-254AB14B922F}.Debug|Any CPU.ActiveCfg = Debug|Any CPU
		{3FD76809-7574-4347-881F-254AB14B922F}.Debug|Any CPU.Build.0 = Debug|Any CPU
		{3FD76809-7574-4347-881F-254AB14B922F}.Release|Any CPU.ActiveCfg = Release|Any CPU
		{3FD76809-7574-4347-881F-254AB14B922F}.Release|Any CPU.Build.0 = Release|Any CPU
	EndGlobalSection
	GlobalSection(SolutionProperties) = preSolution
		HideSolutionNode = FALSE
	EndGlobalSection
	GlobalSection(ExtensibilityGlobals) = postSolution
		SolutionGuid = {8A2E264E-0012-4891-BBF0-8894B8114303}
	EndGlobalSection
EndGlobal
